{
  "nodes": {
    "denim_ui": {
      "inputs": {
        "denim_ui-master": "denim_ui-master",
        "flakeNimbleLib": [
          "denim_ui_canvas-master",
          "flakeNimbleLib"
        ],
        "nixpkgs": [
          "denim_ui_canvas-master",
          "nixpkgs"
        ]
      },
      "locked": {
        "lastModified": 1647312111,
        "narHash": "sha256-3VPlEvBTChQGx3+Q2vuV3K9o3r2CI4JqDOtCJsWBR7U=",
        "owner": "nim-nix-pkgs",
        "repo": "denim_ui",
        "rev": "be22825f2cbe506d2881e6d3ddca7772bcd0df41",
        "type": "github"
      },
      "original": {
        "owner": "nim-nix-pkgs",
        "ref": "master",
        "repo": "denim_ui",
        "type": "github"
      }
    },
    "denim_ui-master": {
      "inputs": {
        "flakeNimbleLib": [
          "denim_ui_canvas-master",
          "denim_ui",
          "flakeNimbleLib"
        ],
        "itertools": "itertools",
        "macroutils": "macroutils",
        "nixpkgs": [
          "denim_ui_canvas-master",
          "denim_ui",
          "nixpkgs"
        ],
        "rx_nim": "rx_nim",
        "src-denim_ui-master": "src-denim_ui-master"
      },
      "locked": {
        "dir": "master",
        "lastModified": 1647312111,
        "narHash": "sha256-3VPlEvBTChQGx3+Q2vuV3K9o3r2CI4JqDOtCJsWBR7U=",
        "owner": "nim-nix-pkgs",
        "repo": "denim_ui",
        "rev": "be22825f2cbe506d2881e6d3ddca7772bcd0df41",
        "type": "github"
      },
      "original": {
        "dir": "master",
        "owner": "nim-nix-pkgs",
        "ref": "master",
        "repo": "denim_ui",
        "type": "github"
      }
    },
    "denim_ui_canvas-master": {
      "inputs": {
        "denim_ui": "denim_ui",
        "flakeNimbleLib": [
          "flakeNimbleLib"
        ],
        "nixpkgs": [
          "nixpkgs"
        ],
        "src-denim_ui_canvas-master": "src-denim_ui_canvas-master"
      },
      "locked": {
        "dir": "master",
        "lastModified": 1647312165,
        "narHash": "sha256-Tb8h9gO//QFBMfibRGtPVCaHj8pGJ4fy1CDOCp0qBhg=",
        "owner": "nim-nix-pkgs",
        "repo": "denim_ui_canvas",
        "rev": "fe4a120d1880b54466c75d36c3ff1f6115c4fc91",
        "type": "github"
      },
      "original": {
        "dir": "master",
        "owner": "nim-nix-pkgs",
        "ref": "master",
        "repo": "denim_ui_canvas",
        "type": "github"
      }
    },
    "flakeNimbleLib": {
      "inputs": {
        "nixpkgs": [
          "nixpkgs"
        ]
      },
      "locked": {
        "lastModified": 1646967037,
        "narHash": "sha256-BoEqkGzLVnFICrF15wczZJrfF1vMVngRzF5cEgFzdzU=",
        "owner": "riinr",
        "repo": "nim-flakes-lib",
        "rev": "028e7596fdb918b72a295d220d48417ab2f5dfd1",
        "type": "github"
      },
      "original": {
        "owner": "riinr",
        "ref": "master",
        "repo": "nim-flakes-lib",
        "type": "github"
      }
    },
    "itertools": {
      "inputs": {
        "flakeNimbleLib": [
          "denim_ui_canvas-master",
          "denim_ui",
          "denim_ui-master",
          "flakeNimbleLib"
        ],
        "itertools-master": "itertools-master",
        "itertools-v0_1": "itertools-v0_1",
        "itertools-v0_1_1": "itertools-v0_1_1",
        "itertools-v0_2_0": "itertools-v0_2_0",
        "itertools-v0_2_1": "itertools-v0_2_1",
        "itertools-v0_2_2": "itertools-v0_2_2",
        "itertools-v0_3_0": "itertools-v0_3_0",
        "itertools-v0_3_1": "itertools-v0_3_1",
        "itertools-v0_4_0": "itertools-v0_4_0",
        "nixpkgs": [
          "denim_ui_canvas-master",
          "denim_ui",
          "denim_ui-master",
          "nixpkgs"
        ]
      },
      "locked": {
        "lastModified": 1647399258,
        "narHash": "sha256-OZco07tyTSEQhlTNeuzf8uLmDTH3H3ywWI4n+PSNT2E=",
        "owner": "nim-nix-pkgs",
        "repo": "itertools",
        "rev": "7e534b0dc6e15eafbdc810f01b53ee5de65308b5",
        "type": "github"
      },
      "original": {
        "owner": "nim-nix-pkgs",
        "ref": "master",
        "repo": "itertools",
        "type": "github"
      }
    },
    "itertools-master": {
      "inputs": {
        "flakeNimbleLib": [
          "denim_ui_canvas-master",
          "denim_ui",
          "denim_ui-master",
          "itertools",
          "flakeNimbleLib"
        ],
        "nixpkgs": [
          "denim_ui_canvas-master",
          "denim_ui",
          "denim_ui-master",
          "itertools",
          "nixpkgs"
        ],
        "src-itertools-master": "src-itertools-master"
      },
      "locked": {
        "dir": "master",
        "lastModified": 1647311068,
        "narHash": "sha256-oXpVoPEHcva6mqMqQ9oubgfVbmM94vmrgNKxdl/huZk=",
        "owner": "nim-nix-pkgs",
        "repo": "itertools",
        "rev": "7e8b02f963a53a6825f15ea5db4c1a6c91aa95be",
        "type": "github"
      },
      "original": {
        "dir": "master",
        "owner": "nim-nix-pkgs",
        "ref": "master",
        "repo": "itertools",
        "type": "github"
      }
    },
    "itertools-v0_1": {
      "inputs": {
        "flakeNimbleLib": [
          "denim_ui_canvas-master",
          "denim_ui",
          "denim_ui-master",
          "itertools",
          "flakeNimbleLib"
        ],
        "nixpkgs": [
          "denim_ui_canvas-master",
          "denim_ui",
          "denim_ui-master",
          "itertools",
          "nixpkgs"
        ],
        "src-itertools-v0_1": "src-itertools-v0_1"
      },
      "locked": {
        "dir": "v0_1",
        "lastModified": 1647311068,
        "narHash": "sha256-oXpVoPEHcva6mqMqQ9oubgfVbmM94vmrgNKxdl/huZk=",
        "owner": "nim-nix-pkgs",
        "repo": "itertools",
        "rev": "7e8b02f963a53a6825f15ea5db4c1a6c91aa95be",
        "type": "github"
      },
      "original": {
        "dir": "v0_1",
        "owner": "nim-nix-pkgs",
        "ref": "master",
        "repo": "itertools",
        "type": "github"
      }
    },
    "itertools-v0_1_1": {
      "inputs": {
        "flakeNimbleLib": [
          "denim_ui_canvas-master",
          "denim_ui",
          "denim_ui-master",
          "itertools",
          "flakeNimbleLib"
        ],
        "nixpkgs": [
          "denim_ui_canvas-master",
          "denim_ui",
          "denim_ui-master",
          "itertools",
          "nixpkgs"
        ],
        "src-itertools-v0_1_1": "src-itertools-v0_1_1"
      },
      "locked": {
        "dir": "v0_1_1",
        "lastModified": 1647311068,
        "narHash": "sha256-oXpVoPEHcva6mqMqQ9oubgfVbmM94vmrgNKxdl/huZk=",
        "owner": "nim-nix-pkgs",
        "repo": "itertools",
        "rev": "7e8b02f963a53a6825f15ea5db4c1a6c91aa95be",
        "type": "github"
      },
      "original": {
        "dir": "v0_1_1",
        "owner": "nim-nix-pkgs",
        "ref": "master",
        "repo": "itertools",
        "type": "github"
      }
    },
    "itertools-v0_2_0": {
      "inputs": {
        "flakeNimbleLib": [
          "denim_ui_canvas-master",
          "denim_ui",
          "denim_ui-master",
          "itertools",
          "flakeNimbleLib"
        ],
        "nixpkgs": [
          "denim_ui_canvas-master",
          "denim_ui",
          "denim_ui-master",
          "itertools",
          "nixpkgs"
        ],
        "src-itertools-v0_2_0": "src-itertools-v0_2_0"
      },
      "locked": {
        "dir": "v0_2_0",
        "lastModified": 1647311068,
        "narHash": "sha256-oXpVoPEHcva6mqMqQ9oubgfVbmM94vmrgNKxdl/huZk=",
        "owner": "nim-nix-pkgs",
        "repo": "itertools",
        "rev": "7e8b02f963a53a6825f15ea5db4c1a6c91aa95be",
        "type": "github"
      },
      "original": {
        "dir": "v0_2_0",
        "owner": "nim-nix-pkgs",
        "ref": "master",
        "repo": "itertools",
        "type": "github"
      }
    },
    "itertools-v0_2_1": {
      "inputs": {
        "flakeNimbleLib": [
          "denim_ui_canvas-master",
          "denim_ui",
          "denim_ui-master",
          "itertools",
          "flakeNimbleLib"
        ],
        "nixpkgs": [
          "denim_ui_canvas-master",
          "denim_ui",
          "denim_ui-master",
          "itertools",
          "nixpkgs"
        ],
        "src-itertools-v0_2_1": "src-itertools-v0_2_1"
      },
      "locked": {
        "dir": "v0_2_1",
        "lastModified": 1647311068,
        "narHash": "sha256-oXpVoPEHcva6mqMqQ9oubgfVbmM94vmrgNKxdl/huZk=",
        "owner": "nim-nix-pkgs",
        "repo": "itertools",
        "rev": "7e8b02f963a53a6825f15ea5db4c1a6c91aa95be",
        "type": "github"
      },
      "original": {
        "dir": "v0_2_1",
        "owner": "nim-nix-pkgs",
        "ref": "master",
        "repo": "itertools",
        "type": "github"
      }
    },
    "itertools-v0_2_2": {
      "inputs": {
        "flakeNimbleLib": [
          "denim_ui_canvas-master",
          "denim_ui",
          "denim_ui-master",
          "itertools",
          "flakeNimbleLib"
        ],
        "nixpkgs": [
          "denim_ui_canvas-master",
          "denim_ui",
          "denim_ui-master",
          "itertools",
          "nixpkgs"
        ],
        "src-itertools-v0_2_2": "src-itertools-v0_2_2"
      },
      "locked": {
        "dir": "v0_2_2",
        "lastModified": 1647311068,
        "narHash": "sha256-oXpVoPEHcva6mqMqQ9oubgfVbmM94vmrgNKxdl/huZk=",
        "owner": "nim-nix-pkgs",
        "repo": "itertools",
        "rev": "7e8b02f963a53a6825f15ea5db4c1a6c91aa95be",
        "type": "github"
      },
      "original": {
        "dir": "v0_2_2",
        "owner": "nim-nix-pkgs",
        "ref": "master",
        "repo": "itertools",
        "type": "github"
      }
    },
    "itertools-v0_3_0": {
      "inputs": {
        "flakeNimbleLib": [
          "denim_ui_canvas-master",
          "denim_ui",
          "denim_ui-master",
          "itertools",
          "flakeNimbleLib"
        ],
        "nixpkgs": [
          "denim_ui_canvas-master",
          "denim_ui",
          "denim_ui-master",
          "itertools",
          "nixpkgs"
        ],
        "src-itertools-v0_3_0": "src-itertools-v0_3_0"
      },
      "locked": {
        "dir": "v0_3_0",
        "lastModified": 1647311068,
        "narHash": "sha256-oXpVoPEHcva6mqMqQ9oubgfVbmM94vmrgNKxdl/huZk=",
        "owner": "nim-nix-pkgs",
        "repo": "itertools",
        "rev": "7e8b02f963a53a6825f15ea5db4c1a6c91aa95be",
        "type": "github"
      },
      "original": {
        "dir": "v0_3_0",
        "owner": "nim-nix-pkgs",
        "ref": "master",
        "repo": "itertools",
        "type": "github"
      }
    },
    "itertools-v0_3_1": {
      "inputs": {
        "flakeNimbleLib": [
          "denim_ui_canvas-master",
          "denim_ui",
          "denim_ui-master",
          "itertools",
          "flakeNimbleLib"
        ],
        "nixpkgs": [
          "denim_ui_canvas-master",
          "denim_ui",
          "denim_ui-master",
          "itertools",
          "nixpkgs"
        ],
        "src-itertools-v0_3_1": "src-itertools-v0_3_1"
      },
      "locked": {
        "dir": "v0_3_1",
        "lastModified": 1647311068,
        "narHash": "sha256-oXpVoPEHcva6mqMqQ9oubgfVbmM94vmrgNKxdl/huZk=",
        "owner": "nim-nix-pkgs",
        "repo": "itertools",
        "rev": "7e8b02f963a53a6825f15ea5db4c1a6c91aa95be",
        "type": "github"
      },
      "original": {
        "dir": "v0_3_1",
        "owner": "nim-nix-pkgs",
        "ref": "master",
        "repo": "itertools",
        "type": "github"
      }
    },
    "itertools-v0_4_0": {
      "inputs": {
        "flakeNimbleLib": [
          "denim_ui_canvas-master",
          "denim_ui",
          "denim_ui-master",
          "itertools",
          "flakeNimbleLib"
        ],
        "nixpkgs": [
          "denim_ui_canvas-master",
          "denim_ui",
          "denim_ui-master",
          "itertools",
          "nixpkgs"
        ],
        "src-itertools-v0_4_0": "src-itertools-v0_4_0"
      },
      "locked": {
        "dir": "v0_4_0",
        "lastModified": 1647311068,
        "narHash": "sha256-oXpVoPEHcva6mqMqQ9oubgfVbmM94vmrgNKxdl/huZk=",
        "owner": "nim-nix-pkgs",
        "repo": "itertools",
        "rev": "7e8b02f963a53a6825f15ea5db4c1a6c91aa95be",
        "type": "github"
      },
      "original": {
        "dir": "v0_4_0",
        "owner": "nim-nix-pkgs",
        "ref": "master",
        "repo": "itertools",
        "type": "github"
      }
    },
    "macroutils": {
      "inputs": {
        "flakeNimbleLib": [
          "denim_ui_canvas-master",
          "denim_ui",
          "denim_ui-master",
          "flakeNimbleLib"
        ],
        "macroutils-master": "macroutils-master",
        "macroutils-v1_1_0": "macroutils-v1_1_0",
        "macroutils-v1_2_0": "macroutils-v1_2_0",
        "nixpkgs": [
          "denim_ui_canvas-master",
          "denim_ui",
          "denim_ui-master",
          "nixpkgs"
        ]
      },
      "locked": {
        "lastModified": 1647397899,
        "narHash": "sha256-OEvrU22f43f1XeIsvV/Ki6By3b8cPjpFptwU5TMhiw0=",
        "owner": "nim-nix-pkgs",
        "repo": "macroutils",
        "rev": "9a58463fe0c84f6ef97a15e295618765bc2229dc",
        "type": "github"
      },
      "original": {
        "owner": "nim-nix-pkgs",
        "ref": "master",
        "repo": "macroutils",
        "type": "github"
      }
    },
    "macroutils-master": {
      "inputs": {
        "flakeNimbleLib": [
          "denim_ui_canvas-master",
          "denim_ui",
          "denim_ui-master",
          "macroutils",
          "flakeNimbleLib"
        ],
        "nixpkgs": [
          "denim_ui_canvas-master",
          "denim_ui",
          "denim_ui-master",
          "macroutils",
          "nixpkgs"
        ],
        "src-macroutils-master": "src-macroutils-master"
      },
      "locked": {
        "dir": "master",
        "lastModified": 1647311120,
        "narHash": "sha256-xLhPwy3q/VQFYwLlKxDm1zNy5gqxbBVUO7DHWSdy/8w=",
        "owner": "nim-nix-pkgs",
        "repo": "macroutils",
        "rev": "f0fb0435182b00fb39feb0998acfae41eb6a051d",
        "type": "github"
      },
      "original": {
        "dir": "master",
        "owner": "nim-nix-pkgs",
        "ref": "master",
        "repo": "macroutils",
        "type": "github"
      }
    },
    "macroutils-v1_1_0": {
      "inputs": {
        "flakeNimbleLib": [
          "denim_ui_canvas-master",
          "denim_ui",
          "denim_ui-master",
          "macroutils",
          "flakeNimbleLib"
        ],
        "nixpkgs": [
          "denim_ui_canvas-master",
          "denim_ui",
          "denim_ui-master",
          "macroutils",
          "nixpkgs"
        ],
        "src-macroutils-v1_1_0": "src-macroutils-v1_1_0"
      },
      "locked": {
        "dir": "v1_1_0",
        "lastModified": 1647311120,
        "narHash": "sha256-xLhPwy3q/VQFYwLlKxDm1zNy5gqxbBVUO7DHWSdy/8w=",
        "owner": "nim-nix-pkgs",
        "repo": "macroutils",
        "rev": "f0fb0435182b00fb39feb0998acfae41eb6a051d",
        "type": "github"
      },
      "original": {
        "dir": "v1_1_0",
        "owner": "nim-nix-pkgs",
        "ref": "master",
        "repo": "macroutils",
        "type": "github"
      }
    },
    "macroutils-v1_2_0": {
      "inputs": {
        "flakeNimbleLib": [
          "denim_ui_canvas-master",
          "denim_ui",
          "denim_ui-master",
          "macroutils",
          "flakeNimbleLib"
        ],
        "nixpkgs": [
          "denim_ui_canvas-master",
          "denim_ui",
          "denim_ui-master",
          "macroutils",
          "nixpkgs"
        ],
        "src-macroutils-v1_2_0": "src-macroutils-v1_2_0"
      },
      "locked": {
        "dir": "v1_2_0",
        "lastModified": 1647311120,
        "narHash": "sha256-xLhPwy3q/VQFYwLlKxDm1zNy5gqxbBVUO7DHWSdy/8w=",
        "owner": "nim-nix-pkgs",
        "repo": "macroutils",
        "rev": "f0fb0435182b00fb39feb0998acfae41eb6a051d",
        "type": "github"
      },
      "original": {
        "dir": "v1_2_0",
        "owner": "nim-nix-pkgs",
        "ref": "master",
        "repo": "macroutils",
        "type": "github"
      }
    },
    "nixpkgs": {
      "locked": {
        "narHash": "sha256-+8mazL4KLh6VltXYJc5+QFA5Q1i+Uh/TadRl9/+qcx8=",
        "path": "/nix/store/gddrvlqs5qf1bp3kc80gp3qg5vm8kj76-source",
        "type": "path"
      },
      "original": {
        "id": "nixpkgs",
        "type": "indirect"
      }
    },
    "root": {
      "inputs": {
        "denim_ui_canvas-master": "denim_ui_canvas-master",
        "flakeNimbleLib": "flakeNimbleLib",
        "nixpkgs": "nixpkgs"
      }
    },
    "rx_nim": {
      "inputs": {
        "flakeNimbleLib": [
          "denim_ui_canvas-master",
          "denim_ui",
          "denim_ui-master",
          "flakeNimbleLib"
        ],
        "nixpkgs": [
          "denim_ui_canvas-master",
          "denim_ui",
          "denim_ui-master",
          "nixpkgs"
        ],
        "rx_nim-master": "rx_nim-master"
      },
      "locked": {
        "lastModified": 1647397531,
        "narHash": "sha256-Twy+xp4aeAA5ZMjORjvfDAO11CDMKvPZrGgiQ6Q22oQ=",
        "owner": "nim-nix-pkgs",
        "repo": "rx_nim",
        "rev": "cc19d9f89781317f2bde3e8b0d28dd789b014a9c",
        "type": "github"
      },
      "original": {
        "owner": "nim-nix-pkgs",
        "ref": "master",
        "repo": "rx_nim",
        "type": "github"
      }
    },
    "rx_nim-master": {
      "inputs": {
        "flakeNimbleLib": [
          "denim_ui_canvas-master",
          "denim_ui",
          "denim_ui-master",
          "rx_nim",
          "flakeNimbleLib"
        ],
        "nixpkgs": [
          "denim_ui_canvas-master",
          "denim_ui",
          "denim_ui-master",
          "rx_nim",
          "nixpkgs"
        ],
        "src-rx_nim-master": "src-rx_nim-master"
      },
      "locked": {
        "dir": "master",
        "lastModified": 1647311382,
        "narHash": "sha256-YipZRTP8NFm5dmGB743IeZmD8HWNQQnSLIWMaVX8K1k=",
        "owner": "nim-nix-pkgs",
        "repo": "rx_nim",
        "rev": "2d272bee49d1b1b9d6247e262c4cd5fd84bea6ea",
        "type": "github"
      },
      "original": {
        "dir": "master",
        "owner": "nim-nix-pkgs",
        "ref": "master",
        "repo": "rx_nim",
        "type": "github"
      }
    },
    "src-denim_ui-master": {
      "flake": false,
      "locked": {
        "lastModified": 1641467777,
        "narHash": "sha256-zroY7WAk1eYjn0zFi0LP1mOwEJgwa9IzYnaS7SsAe/c=",
        "owner": "nortero-code",
        "repo": "denim-ui",
        "rev": "f7c11ce80d96197bd3a3ee457c742678b3c4f80f",
        "type": "github"
      },
      "original": {
        "owner": "nortero-code",
        "ref": "refs/heads/master",
        "repo": "denim-ui",
        "type": "github"
      }
    },
    "src-denim_ui_canvas-master": {
      "flake": false,
      "locked": {
        "lastModified": 1628251464,
        "narHash": "sha256-PPxOwRlg5l7N+7WHAKCX2KBXSLd9qrn71tZYBmH+b0Y=",
        "owner": "nortero-code",
        "repo": "denim-ui-canvas",
        "rev": "026fb8721012b24b836de87c546dd06d5c92bf62",
        "type": "github"
      },
      "original": {
        "owner": "nortero-code",
        "ref": "refs/heads/master",
        "repo": "denim-ui-canvas",
        "type": "github"
      }
    },
    "src-itertools-master": {
      "flake": false,
      "locked": {
        "lastModified": 1609164001,
        "narHash": "sha256-nqImJPV3OphE6si6Mk8JRvWauMdCeKCzIdge4a2NLwQ=",
        "owner": "narimiran",
        "repo": "itertools",
        "rev": "96525a8caf93e9e12a773727aab7936c783924e7",
        "type": "github"
      },
      "original": {
        "owner": "narimiran",
        "ref": "refs/heads/master",
        "repo": "itertools",
        "type": "github"
      }
    },
    "src-itertools-v0_1": {
      "flake": false,
      "locked": {
        "lastModified": 1521915569,
        "narHash": "sha256-n398bS0outcjAw2EMQm/Nh9QTxdywhH/WO+RyPW1F9o=",
        "owner": "narimiran",
        "repo": "itertools",
        "rev": "5262b466a28a278df603f9d54673458cff00ca74",
        "type": "github"
      },
      "original": {
        "owner": "narimiran",
        "ref": "refs/tags/v0.1",
        "repo": "itertools",
        "type": "github"
      }
    },
    "src-itertools-v0_1_1": {
      "flake": false,
      "locked": {
        "lastModified": 1525719422,
        "narHash": "sha256-DlXG/e9GHADEUrMGE34xtaF+sfYTCqmoy4bjJlNuA/U=",
        "owner": "narimiran",
        "repo": "itertools",
        "rev": "8da9711a6bbea046b6ccc1e62d54ffb547b52375",
        "type": "github"
      },
      "original": {
        "owner": "narimiran",
        "ref": "refs/tags/v0.1.1",
        "repo": "itertools",
        "type": "github"
      }
    },
    "src-itertools-v0_2_0": {
      "flake": false,
      "locked": {
        "lastModified": 1538646071,
        "narHash": "sha256-2tALa5jXapCkKWUPOCbNKbKspq98Pk77SX6ox8I2hrg=",
        "owner": "narimiran",
        "repo": "itertools",
        "rev": "fa37307077f15c6d391ecac0caa09975aeac983b",
        "type": "github"
      },
      "original": {
        "owner": "narimiran",
        "ref": "refs/tags/v0.2.0",
        "repo": "itertools",
        "type": "github"
      }
    },
    "src-itertools-v0_2_1": {
      "flake": false,
      "locked": {
        "lastModified": 1539710380,
        "narHash": "sha256-5unbfSRWkrjhae6bVuMeX0FslKlpXcCKqtC5Dc3VaRQ=",
        "owner": "narimiran",
        "repo": "itertools",
        "rev": "72b9b2a4e2c8b6bc4465ed45f7e583218f01955e",
        "type": "github"
      },
      "original": {
        "owner": "narimiran",
        "ref": "refs/tags/v0.2.1",
        "repo": "itertools",
        "type": "github"
      }
    },
    "src-itertools-v0_2_2": {
      "flake": false,
      "locked": {
        "lastModified": 1540839617,
        "narHash": "sha256-gxy6oLj4/+xr3h/FzPXcBfVWU3eOYI7LB0uU0gJL1UY=",
        "owner": "narimiran",
        "repo": "itertools",
        "rev": "8c212779b5ed35b8e75958783bcb7dfea489aef8",
        "type": "github"
      },
      "original": {
        "owner": "narimiran",
        "ref": "refs/tags/v0.2.2",
        "repo": "itertools",
        "type": "github"
      }
    },
    "src-itertools-v0_3_0": {
      "flake": false,
      "locked": {
        "lastModified": 1543667539,
        "narHash": "sha256-cxyDka4j+Bl7U0jbXn1WoTzgh/LGM9bEn/6SuGW9/A8=",
        "owner": "narimiran",
        "repo": "itertools",
        "rev": "b0f6bb887c39bc7730f45abb72f7e9edd4714a66",
        "type": "github"
      },
      "original": {
        "owner": "narimiran",
        "ref": "refs/tags/v0.3.0",
        "repo": "itertools",
        "type": "github"
      }
    },
    "src-itertools-v0_3_1": {
      "flake": false,
      "locked": {
        "lastModified": 1571046825,
        "narHash": "sha256-wPbQG/i9hXybpV8LdFP1ROrsn8SiY7sYhdpxrd/mGpU=",
        "owner": "narimiran",
        "repo": "itertools",
        "rev": "0e61385f46c212debe2c5edb9a153553890b494c",
        "type": "github"
      },
      "original": {
        "owner": "narimiran",
        "ref": "refs/tags/v0.3.1",
        "repo": "itertools",
        "type": "github"
      }
    },
    "src-itertools-v0_4_0": {
      "flake": false,
      "locked": {
        "lastModified": 1609163092,
        "narHash": "sha256-kLZ8yITrmlv+3JG4axcuntOFBBnmhJJmUOkZeInZb7I=",
        "owner": "narimiran",
        "repo": "itertools",
        "rev": "41ed3d60ae494a89502c6e9230621039099c70f3",
        "type": "github"
      },
      "original": {
        "owner": "narimiran",
        "ref": "refs/tags/v0.4.0",
        "repo": "itertools",
        "type": "github"
      }
    },
    "src-macroutils-master": {
      "flake": false,
      "locked": {
        "lastModified": 1638527206,
        "narHash": "sha256-xdheMbZAuxfBLsyBQnCkjClptKs9G1y2ZLQJ0bE2eUM=",
        "owner": "PMunch",
        "repo": "macroutils",
        "rev": "e6357d428f3888c3b0c068a9e2bd0cf66d25e3cd",
        "type": "github"
      },
      "original": {
        "owner": "PMunch",
        "ref": "refs/heads/master",
        "repo": "macroutils",
        "type": "github"
      }
    },
    "src-macroutils-v1_1_0": {
      "flake": false,
      "locked": {
        "lastModified": 1585844702,
        "narHash": "sha256-ZaWeEqzpcKMs930SvWFMlQf5M1qmax6JCpOdwbQlwYo=",
        "owner": "PMunch",
        "repo": "macroutils",
        "rev": "4f178a21e57cb842f112a965d25cda93ac4d68e5",
        "type": "github"
      },
      "original": {
        "owner": "PMunch",
        "ref": "refs/tags/v1.1.0",
        "repo": "macroutils",
        "type": "github"
      }
    },
    "src-macroutils-v1_2_0": {
      "flake": false,
      "locked": {
        "lastModified": 1591265350,
        "narHash": "sha256-HGsNbldfhjAEaKsj+DZuMDwhhaLWHlibOWZ3xklKEds=",
        "owner": "PMunch",
        "repo": "macroutils",
        "rev": "b460c6804c97df8cfdc80c308b574ae90b30ac61",
        "type": "github"
      },
      "original": {
        "owner": "PMunch",
        "ref": "refs/tags/v1.2.0",
        "repo": "macroutils",
        "type": "github"
      }
    },
    "src-rx_nim-master": {
      "flake": false,
      "locked": {
        "lastModified": 1631688872,
        "narHash": "sha256-ICCjkEpeDfugzs1ea5iRNH1FFzs6MRuR1NAPVxAaL8U=",
        "owner": "nortero-code",
        "repo": "rx-nim",
        "rev": "d3107b810952ab192753b030eb66af8f5542d341",
        "type": "github"
      },
      "original": {
        "owner": "nortero-code",
        "ref": "refs/heads/master",
        "repo": "rx-nim",
        "type": "github"
      }
    }
  },
  "root": "root",
  "version": 7
}
